// !$*UTF8*$!
{
	archiveVersion = 1;
	classes = {
	};
	objectVersion = 55;
	objects = {

/* Begin PBXBuildFile section */
		08E6A4D92891E6F400FC1CA3 /* AppDelegate.swift in Sources */ = {isa = PBXBuildFile; fileRef = 08E6A4D82891E6F400FC1CA3 /* AppDelegate.swift */; };
		08E6A4DB2891E6F400FC1CA3 /* SceneDelegate.swift in Sources */ = {isa = PBXBuildFile; fileRef = 08E6A4DA2891E6F400FC1CA3 /* SceneDelegate.swift */; };
		08E6A4E02891E6F400FC1CA3 /* Main.storyboard in Resources */ = {isa = PBXBuildFile; fileRef = 08E6A4DE2891E6F400FC1CA3 /* Main.storyboard */; };
		08E6A4E22891E6F600FC1CA3 /* Assets.xcassets in Resources */ = {isa = PBXBuildFile; fileRef = 08E6A4E12891E6F600FC1CA3 /* Assets.xcassets */; };
		08E6A4E52891E6F600FC1CA3 /* LaunchScreen.storyboard in Resources */ = {isa = PBXBuildFile; fileRef = 08E6A4E32891E6F600FC1CA3 /* LaunchScreen.storyboard */; };
		08E6A4F22891E74600FC1CA3 /* CalculatorViewModel.swift in Sources */ = {isa = PBXBuildFile; fileRef = 08E6A4F12891E74600FC1CA3 /* CalculatorViewModel.swift */; };
		08E6A4F42891E75600FC1CA3 /* CalculatorViewController.swift in Sources */ = {isa = PBXBuildFile; fileRef = 08E6A4F32891E75600FC1CA3 /* CalculatorViewController.swift */; };
		08E6A4F92891E7B600FC1CA3 /* CustomButton.swift in Sources */ = {isa = PBXBuildFile; fileRef = 08E6A4F62891E7B600FC1CA3 /* CustomButton.swift */; };
		08E6A4FA2891E7B600FC1CA3 /* CalculatorView.swift in Sources */ = {isa = PBXBuildFile; fileRef = 08E6A4F72891E7B600FC1CA3 /* CalculatorView.swift */; };
		08E6A4FB2891E7B600FC1CA3 /* CustomLabel.swift in Sources */ = {isa = PBXBuildFile; fileRef = 08E6A4F82891E7B600FC1CA3 /* CustomLabel.swift */; };
		08E6A4FD2891E8EA00FC1CA3 /* Token.swift in Sources */ = {isa = PBXBuildFile; fileRef = 08E6A4FC2891E8EA00FC1CA3 /* Token.swift */; };
/* End PBXBuildFile section */

/* Begin PBXFileReference section */
		08E6A4D52891E6F400FC1CA3 /* CalculatorMVVM.app */ = {isa = PBXFileReference; explicitFileType = wrapper.application; includeInIndex = 0; path = CalculatorMVVM.app; sourceTree = BUILT_PRODUCTS_DIR; };
		08E6A4D82891E6F400FC1CA3 /* AppDelegate.swift */ = {isa = PBXFileReference; lastKnownFileType = sourcecode.swift; path = AppDelegate.swift; sourceTree = "<group>"; };
		08E6A4DA2891E6F400FC1CA3 /* SceneDelegate.swift */ = {isa = PBXFileReference; lastKnownFileType = sourcecode.swift; path = SceneDelegate.swift; sourceTree = "<group>"; };
		08E6A4DF2891E6F400FC1CA3 /* Base */ = {isa = PBXFileReference; lastKnownFileType = file.storyboard; name = Base; path = Base.lproj/Main.storyboard; sourceTree = "<group>"; };
		08E6A4E12891E6F600FC1CA3 /* Assets.xcassets */ = {isa = PBXFileReference; lastKnownFileType = folder.assetcatalog; path = Assets.xcassets; sourceTree = "<group>"; };
		08E6A4E42891E6F600FC1CA3 /* Base */ = {isa = PBXFileReference; lastKnownFileType = file.storyboard; name = Base; path = Base.lproj/LaunchScreen.storyboard; sourceTree = "<group>"; };
		08E6A4E62891E6F600FC1CA3 /* Info.plist */ = {isa = PBXFileReference; lastKnownFileType = text.plist.xml; path = Info.plist; sourceTree = "<group>"; };
		08E6A4F12891E74600FC1CA3 /* CalculatorViewModel.swift */ = {isa = PBXFileReference; lastKnownFileType = sourcecode.swift; path = CalculatorViewModel.swift; sourceTree = "<group>"; };
		08E6A4F32891E75600FC1CA3 /* CalculatorViewController.swift */ = {isa = PBXFileReference; lastKnownFileType = sourcecode.swift; path = CalculatorViewController.swift; sourceTree = "<group>"; };
		08E6A4F62891E7B600FC1CA3 /* CustomButton.swift */ = {isa = PBXFileReference; fileEncoding = 4; lastKnownFileType = sourcecode.swift; path = CustomButton.swift; sourceTree = "<group>"; };
		08E6A4F72891E7B600FC1CA3 /* CalculatorView.swift */ = {isa = PBXFileReference; fileEncoding = 4; lastKnownFileType = sourcecode.swift; path = CalculatorView.swift; sourceTree = "<group>"; };
		08E6A4F82891E7B600FC1CA3 /* CustomLabel.swift */ = {isa = PBXFileReference; fileEncoding = 4; lastKnownFileType = sourcecode.swift; path = CustomLabel.swift; sourceTree = "<group>"; };
		08E6A4FC2891E8EA00FC1CA3 /* Token.swift */ = {isa = PBXFileReference; lastKnownFileType = sourcecode.swift; path = Token.swift; sourceTree = "<group>"; };
/* End PBXFileReference section */

/* Begin PBXFrameworksBuildPhase section */
		08E6A4D22891E6F400FC1CA3 /* Frameworks */ = {
			isa = PBXFrameworksBuildPhase;
			buildActionMask = 2147483647;
			files = (
			);
			runOnlyForDeploymentPostprocessing = 0;
		};
/* End PBXFrameworksBuildPhase section */

/* Begin PBXGroup section */
		08E6A4CC2891E6F400FC1CA3 = {
			isa = PBXGroup;
			children = (
				08E6A4D72891E6F400FC1CA3 /* CalculatorMVVM */,
				08E6A4D62891E6F400FC1CA3 /* Products */,
			);
			sourceTree = "<group>";
		};
		08E6A4D62891E6F400FC1CA3 /* Products */ = {
			isa = PBXGroup;
			children = (
				08E6A4D52891E6F400FC1CA3 /* CalculatorMVVM.app */,
			);
			name = Products;
			sourceTree = "<group>";
		};
		08E6A4D72891E6F400FC1CA3 /* CalculatorMVVM */ = {
			isa = PBXGroup;
			children = (
				08E6A4EC2891E6FE00FC1CA3 /* Workflow */,
				08E6A4ED2891E70400FC1CA3 /* Resources */,
				08E6A4E62891E6F600FC1CA3 /* Info.plist */,
			);
			path = CalculatorMVVM;
			sourceTree = "<group>";
		};
		08E6A4EC2891E6FE00FC1CA3 /* Workflow */ = {
			isa = PBXGroup;
			children = (
				08E6A4F02891E72100FC1CA3 /* View\ViewModel */,
				08E6A4EF2891E71D00FC1CA3 /* View */,
				08E6A4EE2891E71800FC1CA3 /* Model */,
			);
			path = Workflow;
			sourceTree = "<group>";
		};
		08E6A4ED2891E70400FC1CA3 /* Resources */ = {
			isa = PBXGroup;
			children = (
				08E6A4E12891E6F600FC1CA3 /* Assets.xcassets */,
				08E6A4D82891E6F400FC1CA3 /* AppDelegate.swift */,
				08E6A4DE2891E6F400FC1CA3 /* Main.storyboard */,
				08E6A4E32891E6F600FC1CA3 /* LaunchScreen.storyboard */,
				08E6A4DA2891E6F400FC1CA3 /* SceneDelegate.swift */,
			);
			path = Resources;
			sourceTree = "<group>";
		};
		08E6A4EE2891E71800FC1CA3 /* Model */ = {
			isa = PBXGroup;
			children = (
				08E6A4FC2891E8EA00FC1CA3 /* Token.swift */,
			);
			path = Model;
			sourceTree = "<group>";
		};
		08E6A4EF2891E71D00FC1CA3 /* View */ = {
			isa = PBXGroup;
			children = (
				08E6A4F72891E7B600FC1CA3 /* CalculatorView.swift */,
				08E6A4F52891E7B600FC1CA3 /* CustomView */,
			);
			path = View;
			sourceTree = "<group>";
		};
		08E6A4F02891E72100FC1CA3 /* View\ViewModel */ = {
			isa = PBXGroup;
			children = (
				08E6A4F12891E74600FC1CA3 /* CalculatorViewModel.swift */,
				08E6A4F32891E75600FC1CA3 /* CalculatorViewController.swift */,
			);
			path = "View\\ViewModel";
			sourceTree = "<group>";
		};
		08E6A4F52891E7B600FC1CA3 /* CustomView */ = {
			isa = PBXGroup;
			children = (
				08E6A4F62891E7B600FC1CA3 /* CustomButton.swift */,
				08E6A4F82891E7B600FC1CA3 /* CustomLabel.swift */,
			);
			path = CustomView;
			sourceTree = "<group>";
		};
/* End PBXGroup section */

/* Begin PBXNativeTarget section */
		08E6A4D42891E6F400FC1CA3 /* CalculatorMVVM */ = {
			isa = PBXNativeTarget;
			buildConfigurationList = 08E6A4E92891E6F600FC1CA3 /* Build configuration list for PBXNativeTarget "CalculatorMVVM" */;
			buildPhases = (
				08E6A4D12891E6F400FC1CA3 /* Sources */,
				08E6A4D22891E6F400FC1CA3 /* Frameworks */,
				08E6A4D32891E6F400FC1CA3 /* Resources */,
			);
			buildRules = (
			);
			dependencies = (
			);
			name = CalculatorMVVM;
			productName = CalculatorMVVM;
			productReference = 08E6A4D52891E6F400FC1CA3 /* CalculatorMVVM.app */;
			productType = "com.apple.product-type.application";
		};
/* End PBXNativeTarget section */

/* Begin PBXProject section */
		08E6A4CD2891E6F400FC1CA3 /* Project object */ = {
			isa = PBXProject;
			attributes = {
				BuildIndependentTargetsInParallel = 1;
				LastSwiftUpdateCheck = 1340;
				LastUpgradeCheck = 1340;
				TargetAttributes = {
					08E6A4D42891E6F400FC1CA3 = {
						CreatedOnToolsVersion = 13.4;
					};
				};
			};
			buildConfigurationList = 08E6A4D02891E6F400FC1CA3 /* Build configuration list for PBXProject "CalculatorMVVM" */;
			compatibilityVersion = "Xcode 13.0";
			developmentRegion = en;
			hasScannedForEncodings = 0;
			knownRegions = (
				en,
				Base,
			);
			mainGroup = 08E6A4CC2891E6F400FC1CA3;
			productRefGroup = 08E6A4D62891E6F400FC1CA3 /* Products */;
			projectDirPath = "";
			projectRoot = "";
			targets = (
				08E6A4D42891E6F400FC1CA3 /* CalculatorMVVM */,
			);
		};
/* End PBXProject section */

/* Begin PBXResourcesBuildPhase section */
		08E6A4D32891E6F400FC1CA3 /* Resources */ = {
			isa = PBXResourcesBuildPhase;
			buildActionMask = 2147483647;
			files = (
				08E6A4E52891E6F600FC1CA3 /* LaunchScreen.storyboard in Resources */,
				08E6A4E22891E6F600FC1CA3 /* Assets.xcassets in Resources */,
				08E6A4E02891E6F400FC1CA3 /* Main.storyboard in Resources */,
			);
			runOnlyForDeploymentPostprocessing = 0;
		};
/* End PBXResourcesBuildPhase section */

/* Begin PBXSourcesBuildPhase section */
		08E6A4D12891E6F400FC1CA3 /* Sources */ = {
			isa = PBXSourcesBuildPhase;
			buildActionMask = 2147483647;
			files = (
				08E6A4D92891E6F400FC1CA3 /* AppDelegate.swift in Sources */,
				08E6A4F22891E74600FC1CA3 /* CalculatorViewModel.swift in Sources */,
				08E6A4F42891E75600FC1CA3 /* CalculatorViewController.swift in Sources */,
				08E6A4FB2891E7B600FC1CA3 /* CustomLabel.swift in Sources */,
				08E6A4DB2891E6F400FC1CA3 /* SceneDelegate.swift in Sources */,
				08E6A4FA2891E7B600FC1CA3 /* CalculatorView.swift in Sources */,
				08E6A4F92891E7B600FC1CA3 /* CustomButton.swift in Sources */,
				08E6A4FD2891E8EA00FC1CA3 /* Token.swift in Sources */,
			);
			runOnlyForDeploymentPostprocessing = 0;
		};
/* End PBXSourcesBuildPhase section */

/* Begin PBXVariantGroup section */
		08E6A4DE2891E6F400FC1CA3 /* Main.storyboard */ = {
			isa = PBXVariantGroup;
			children = (
				08E6A4DF2891E6F400FC1CA3 /* Base */,
			);
			name = Main.storyboard;
			sourceTree = "<group>";
		};
		08E6A4E32891E6F600FC1CA3 /* LaunchScreen.storyboard */ = {
			isa = PBXVariantGroup;
			children = (
				08E6A4E42891E6F600FC1CA3 /* Base */,
			);
			name = LaunchScreen.storyboard;
			sourceTree = "<group>";
		};
/* End PBXVariantGroup section */

/* Begin XCBuildConfiguration section */
		08E6A4E72891E6F600FC1CA3 /* Debug */ = {
			isa = XCBuildConfiguration;
			buildSettings = {
				ALWAYS_SEARCH_USER_PATHS = NO;
				CLANG_ANALYZER_NONNULL = YES;
				CLANG_ANALYZER_NUMBER_OBJECT_CONVERSION = YES_AGGRESSIVE;
				CLANG_CXX_LANGUAGE_STANDARD = "gnu++17";
				CLANG_ENABLE_MODULES = YES;
				CLANG_ENABLE_OBJC_ARC = YES;
				CLANG_ENABLE_OBJC_WEAK = YES;
				CLANG_WARN_BLOCK_CAPTURE_AUTORELEASING = YES;
				CLANG_WARN_BOOL_CONVERSION = YES;
				CLANG_WARN_COMMA = YES;
				CLANG_WARN_CONSTANT_CONVERSION = YES;
				CLANG_WARN_DEPRECATED_OBJC_IMPLEMENTATIONS = YES;
				CLANG_WARN_DIRECT_OBJC_ISA_USAGE = YES_ERROR;
				CLANG_WARN_DOCUMENTATION_COMMENTS = YES;
				CLANG_WARN_EMPTY_BODY = YES;
				CLANG_WARN_ENUM_CONVERSION = YES;
				CLANG_WARN_INFINITE_RECURSION = YES;
				CLANG_WARN_INT_CONVERSION = YES;
				CLANG_WARN_NON_LITERAL_NULL_CONVERSION = YES;
				CLANG_WARN_OBJC_IMPLICIT_RETAIN_SELF = YES;
				CLANG_WARN_OBJC_LITERAL_CONVERSION = YES;
				CLANG_WARN_OBJC_ROOT_CLASS = YES_ERROR;
				CLANG_WARN_QUOTED_INCLUDE_IN_FRAMEWORK_HEADER = YES;
				CLANG_WARN_RANGE_LOOP_ANALYSIS = YES;
				CLANG_WARN_STRICT_PROTOTYPES = YES;
				CLANG_WARN_SUSPICIOUS_MOVE = YES;
				CLANG_WARN_UNGUARDED_AVAILABILITY = YES_AGGRESSIVE;
				CLANG_WARN_UNREACHABLE_CODE = YES;
				CLANG_WARN__DUPLICATE_METHOD_MATCH = YES;
				COPY_PHASE_STRIP = NO;
				DEBUG_INFORMATION_FORMAT = dwarf;
				ENABLE_STRICT_OBJC_MSGSEND = YES;
				ENABLE_TESTABILITY = YES;
				GCC_C_LANGUAGE_STANDARD = gnu11;
				GCC_DYNAMIC_NO_PIC = NO;
				GCC_NO_COMMON_BLOCKS = YES;
				GCC_OPTIMIZATION_LEVEL = 0;
				GCC_PREPROCESSOR_DEFINITIONS = (
					"DEBUG=1",
					"$(inherited)",
				);
				GCC_WARN_64_TO_32_BIT_CONVERSION = YES;
				GCC_WARN_ABOUT_RETURN_TYPE = YES_ERROR;
				GCC_WARN_UNDECLARED_SELECTOR = YES;
				GCC_WARN_UNINITIALIZED_AUTOS = YES_AGGRESSIVE;
				GCC_WARN_UNUSED_FUNCTION = YES;
				GCC_WARN_UNUSED_VARIABLE = YES;
				IPHONEOS_DEPLOYMENT_TARGET = 15.5;
				MTL_ENABLE_DEBUG_INFO = INCLUDE_SOURCE;
				MTL_FAST_MATH = YES;
				ONLY_ACTIVE_ARCH = YES;
				SDKROOT = iphoneos;
				SWIFT_ACTIVE_COMPILATION_CONDITIONS = DEBUG;
				SWIFT_OPTIMIZATION_LEVEL = "-Onone";
			};
			name = Debug;
		};
		08E6A4E82891E6F600FC1CA3 /* Release */ = {
			isa = XCBuildConfiguration;
			buildSettings = {
				ALWAYS_SEARCH_USER_PATHS = NO;
				CLANG_ANALYZER_NONNULL = YES;
				CLANG_ANALYZER_NUMBER_OBJECT_CONVERSION = YES_AGGRESSIVE;
				CLANG_CXX_LANGUAGE_STANDARD = "gnu++17";
				CLANG_ENABLE_MODULES = YES;
				CLANG_ENABLE_OBJC_ARC = YES;
				CLANG_ENABLE_OBJC_WEAK = YES;
				CLANG_WARN_BLOCK_CAPTURE_AUTORELEASING = YES;
				CLANG_WARN_BOOL_CONVERSION = YES;
				CLANG_WARN_COMMA = YES;
				CLANG_WARN_CONSTANT_CONVERSION = YES;
				CLANG_WARN_DEPRECATED_OBJC_IMPLEMENTATIONS = YES;
				CLANG_WARN_DIRECT_OBJC_ISA_USAGE = YES_ERROR;
				CLANG_WARN_DOCUMENTATION_COMMENTS = YES;
				CLANG_WARN_EMPTY_BODY = YES;
				CLANG_WARN_ENUM_CONVERSION = YES;
				CLANG_WARN_INFINITE_RECURSION = YES;
				CLANG_WARN_INT_CONVERSION = YES;
				CLANG_WARN_NON_LITERAL_NULL_CONVERSION = YES;
				CLANG_WARN_OBJC_IMPLICIT_RETAIN_SELF = YES;
				CLANG_WARN_OBJC_LITERAL_CONVERSION = YES;
				CLANG_WARN_OBJC_ROOT_CLASS = YES_ERROR;
				CLANG_WARN_QUOTED_INCLUDE_IN_FRAMEWORK_HEADER = YES;
				CLANG_WARN_RANGE_LOOP_ANALYSIS = YES;
				CLANG_WARN_STRICT_PROTOTYPES = YES;
				CLANG_WARN_SUSPICIOUS_MOVE = YES;
				CLANG_WARN_UNGUARDED_AVAILABILITY = YES_AGGRESSIVE;
				CLANG_WARN_UNREACHABLE_CODE = YES;
				CLANG_WARN__DUPLICATE_METHOD_MATCH = YES;
				COPY_PHASE_STRIP = NO;
				DEBUG_INFORMATION_FORMAT = "dwarf-with-dsym";
				ENABLE_NS_ASSERTIONS = NO;
				ENABLE_STRICT_OBJC_MSGSEND = YES;
				GCC_C_LANGUAGE_STANDARD = gnu11;
				GCC_NO_COMMON_BLOCKS = YES;
				GCC_WARN_64_TO_32_BIT_CONVERSION = YES;
				GCC_WARN_ABOUT_RETURN_TYPE = YES_ERROR;
				GCC_WARN_UNDECLARED_SELECTOR = YES;
				GCC_WARN_UNINITIALIZED_AUTOS = YES_AGGRESSIVE;
				GCC_WARN_UNUSED_FUNCTION = YES;
				GCC_WARN_UNUSED_VARIABLE = YES;
				IPHONEOS_DEPLOYMENT_TARGET = 15.5;
				MTL_ENABLE_DEBUG_INFO = NO;
				MTL_FAST_MATH = YES;
				SDKROOT = iphoneos;
				SWIFT_COMPILATION_MODE = wholemodule;
				SWIFT_OPTIMIZATION_LEVEL = "-O";
				VALIDATE_PRODUCT = YES;
			};
			name = Release;
		};
		08E6A4EA2891E6F600FC1CA3 /* Debug */ = {
			isa = XCBuildConfiguration;
			buildSettings = {
				ASSETCATALOG_COMPILER_APPICON_NAME = AppIcon;
				ASSETCATALOG_COMPILER_GLOBAL_ACCENT_COLOR_NAME = AccentColor;
				CODE_SIGN_STYLE = Automatic;
				CURRENT_PROJECT_VERSION = 1;
				DEVELOPMENT_TEAM = 5HDJX97Z93;
				GENERATE_INFOPLIST_FILE = YES;
				INFOPLIST_FILE = CalculatorMVVM/Info.plist;
				INFOPLIST_KEY_UIApplicationSupportsIndirectInputEvents = YES;
				INFOPLIST_KEY_UILaunchStoryboardName = LaunchScreen;
				INFOPLIST_KEY_UIMainStoryboardFile = Main;
				INFOPLIST_KEY_UISupportedInterfaceOrientations_iPad = "UIInterfaceOrientationPortrait UIInterfaceOrientationPortraitUpsideDown UIInterfaceOrientationLandscapeLeft UIInterfaceOrientationLandscapeRight";
				INFOPLIST_KEY_UISupportedInterfaceOrientations_iPhone = "UIInterfaceOrientationPortrait UIInterfaceOrientationLandscapeLeft UIInterfaceOrientationLandscapeRight";
				LD_RUNPATH_SEARCH_PATHS = (
					"$(inherited)",
					"@executable_path/Frameworks",
				);
				MARKETING_VERSION = 1.0;
				PRODUCT_BUNDLE_IDENTIFIER = com.esifyce.CalculatorMVVM;
				PRODUCT_NAME = "$(TARGET_NAME)";
				SWIFT_EMIT_LOC_STRINGS = YES;
				SWIFT_VERSION = 5.0;
				TARGETED_DEVICE_FAMILY = "1,2";
			};
			name = Debug;
		};
		08E6A4EB2891E6F600FC1CA3 /* Release */ = {
			isa = XCBuildConfiguration;
			buildSettings = {
				ASSETCATALOG_COMPILER_APPICON_NAME = AppIcon;
				ASSETCATALOG_COMPILER_GLOBAL_ACCENT_COLOR_NAME = AccentColor;
				CODE_SIGN_STYLE = Automatic;
				CURRENT_PROJECT_VERSION = 1;
				DEVELOPMENT_TEAM = 5HDJX97Z93;
				GENERATE_INFOPLIST_FILE = YES;
				INFOPLIST_FILE = CalculatorMVVM/Info.plist;
				INFOPLIST_KEY_UIApplicationSupportsIndirectInputEvents = YES;
				INFOPLIST_KEY_UILaunchStoryboardName = LaunchScreen;
				INFOPLIST_KEY_UIMainStoryboardFile = Main;
				INFOPLIST_KEY_UISupportedInterfaceOrientations_iPad = "UIInterfaceOrientationPortrait UIInterfaceOrientationPortraitUpsideDown UIInterfaceOrientationLandscapeLeft UIInterfaceOrientationLandscapeRight";
				INFOPLIST_KEY_UISupportedInterfaceOrientations_iPhone = "UIInterfaceOrientationPortrait UIInterfaceOrientationLandscapeLeft UIInterfaceOrientationLandscapeRight";
				LD_RUNPATH_SEARCH_PATHS = (
					"$(inherited)",
					"@executable_path/Frameworks",
				);
				MARKETING_VERSION = 1.0;
				PRODUCT_BUNDLE_IDENTIFIER = com.esifyce.CalculatorMVVM;
				PRODUCT_NAME = "$(TARGET_NAME)";
				SWIFT_EMIT_LOC_STRINGS = YES;
				SWIFT_VERSION = 5.0;
				TARGETED_DEVICE_FAMILY = "1,2";
			};
			name = Release;
		};
/* End XCBuildConfiguration section */

/* Begin XCConfigurationList section */
		08E6A4D02891E6F400FC1CA3 /* Build configuration list for PBXProject "CalculatorMVVM" */ = {
			isa = XCConfigurationList;
			buildConfigurations = (
				08E6A4E72891E6F600FC1CA3 /* Debug */,
				08E6A4E82891E6F600FC1CA3 /* Release */,
			);
			defaultConfigurationIsVisible = 0;
			defaultConfigurationName = Release;
		};
		08E6A4E92891E6F600FC1CA3 /* Build configuration list for PBXNativeTarget "CalculatorMVVM" */ = {
			isa = XCConfigurationList;
			buildConfigurations = (
				08E6A4EA2891E6F600FC1CA3 /* Debug */,
				08E6A4EB2891E6F600FC1CA3 /* Release */,
			);
			defaultConfigurationIsVisible = 0;
			defaultConfigurationName = Release;
		};
/* End XCConfigurationList section */
	};
	rootObject = 08E6A4CD2891E6F400FC1CA3 /* Project object */;
}
